PODS:
  - React (0.53.0):
    - React/Core (= 0.53.0)
  - react-native-vkontakte-login (0.3.19-beta.3):
    - React
    - VK-ios-sdk
  - React/BatchedBridge (0.53.0):
    - React/Core
    - React/cxxreact_legacy
  - React/Core (0.53.0):
    - yoga (= 0.53.0.React)
  - React/cxxreact_legacy (0.53.0):
    - React/jschelpers_legacy
    - React/jsinspector_legacy
  - React/fishhook (0.53.0)
  - React/jschelpers_legacy (0.53.0)
  - React/jsinspector_legacy (0.53.0)
  - React/RCTActionSheet (0.53.0):
    - React/Core
  - React/RCTAnimation (0.53.0):
    - React/Core
  - React/RCTBlob (0.53.0):
    - React/Core
  - React/RCTGeolocation (0.53.0):
    - React/Core
  - React/RCTImage (0.53.0):
    - React/Core
    - React/RCTNetwork
  - React/RCTLinkingIOS (0.53.0):
    - React/Core
  - React/RCTNetwork (0.53.0):
    - React/Core
  - React/RCTSettings (0.53.0):
    - React/Core
  - React/RCTText (0.53.0):
    - React/Core
  - React/RCTVibration (0.53.0):
    - React/Core
  - React/RCTWebSocket (0.53.0):
    - React/Core
    - React/fishhook
    - React/RCTBlob
  - VK-ios-sdk (1.4.6)
  - yoga (0.53.0.React)

DEPENDENCIES:
  - react-native-vkontakte-login (from `../node_modules/react-native-vkontakte-login`)
  - React/BatchedBridge (from `../node_modules/react-native`)
  - React/Core (from `../node_modules/react-native`)
  - React/RCTActionSheet (from `../node_modules/react-native`)
  - React/RCTAnimation (from `../node_modules/react-native`)
  - React/RCTGeolocation (from `../node_modules/react-native`)
  - React/RCTImage (from `../node_modules/react-native`)
  - React/RCTLinkingIOS (from `../node_modules/react-native`)
  - React/RCTNetwork (from `../node_modules/react-native`)
  - React/RCTSettings (from `../node_modules/react-native`)
  - React/RCTText (from `../node_modules/react-native`)
  - React/RCTVibration (from `../node_modules/react-native`)
  - React/RCTWebSocket (from `../node_modules/react-native`)
  - yoga (from `../node_modules/react-native/ReactCommon/yoga/yoga.podspec`)

EXTERNAL SOURCES:
  React:
    :path: ../node_modules/react-native
  react-native-vkontakte-login:
    :path: ../node_modules/react-native-vkontakte-login
  yoga:
    :path: ../node_modules/react-native/ReactCommon/yoga/yoga.podspec

SPEC CHECKSUMS:
  React: 988a7dbd5626e0dd4f4b63fb444fa7e3d975e5b7
  react-native-vkontakte-login: 8750d0886dd5807b621721a4a243271e9b5956f5
  VK-ios-sdk: 7fd48bc5aaa6b96c3197c1987eb6593f2ea67331
  yoga: 55da126afc384965b96bff46652464373b330add

PODFILE CHECKSUM: cea8de60414612e3fc048476ebac330e854bd11c

COCOAPODS: 1.4.0
